
Microsoft Visual Studio Solution File, Format Version 12.00
# Visual Studio Version 17
VisualStudioVersion = 17.2.32630.192
MinimumVisualStudioVersion = 10.0.40219.1
Project("{FAE04EC0-301F-11D3-BF4B-00C04F79EFBC}") = "ContaBancaria-Forms", "ContaBancaria-Forms.csproj", "{A43ECB96-1877-4CF3-9DE6-061F7ED399EC}"
EndProject
Global
	GlobalSection(SolutionConfigurationPlatforms) = preSolution
		Debug|Any CPU = Debug|Any CPU
		Release|Any CPU = Release|Any CPU
	EndGlobalSection
	GlobalSection(ProjectConfigurationPlatforms) = postSolution
		{A43ECB96-1877-4CF3-9DE6-061F7ED399EC}.Debug|Any CPU.ActiveCfg = Debug|Any CPU
		{A43ECB96-1877-4CF3-9DE6-061F7ED399EC}.Debug|Any CPU.Build.0 = Debug|Any CPU
		{A43ECB96-1877-4CF3-9DE6-061F7ED399EC}.Release|Any CPU.ActiveCfg = Release|Any CPU
		{A43ECB96-1877-4CF3-9DE6-061F7ED399EC}.Release|Any CPU.Build.0 = Release|Any CPU
	EndGlobalSection
	GlobalSection(SolutionProperties) = preSolution
		HideSolutionNode = FALSE
	EndGlobalSection
	GlobalSection(ExtensibilityGlobals) = postSolution
		SolutionGuid = {43EA6DC7-7E91-4F57-89A6-0858BA44D6A3}
	EndGlobalSection
EndGlobal
